{
	"name": "node-inno",
	"version": "1.0.0",
	"lockfileVersion": 1,
	"requires": true,
	"dependencies": {
		"@types/node": {
			"version": "8.5.2",
			"resolved": "https://registry.npmjs.org/@types/node/-/node-8.5.2.tgz",
			"integrity": "sha512-KA4GKOpgXnrqEH2eCVhiv2CsxgXGQJgV1X0vsGlh+WCnxbeAE1GT44ZsTU1IN5dEeV/gDupKa7gWo08V5IxWVQ==",
			"dev": true
		},
		"acorn": {
			"version": "5.2.1",
			"resolved": "https://registry.npmjs.org/acorn/-/acorn-5.2.1.tgz",
			"integrity": "sha512-jG0u7c4Ly+3QkkW18V+NRDN+4bWHdln30NL1ZL2AvFZZmQe/BfopYCtghCKKVBUSetZ4QKcyA0pY6/4Gw8Pv8w=="
		},
		"art-template": {
			"version": "4.12.2",
			"resolved": "https://registry.npmjs.org/art-template/-/art-template-4.12.2.tgz",
			"integrity": "sha512-xc5L6uk4gR7TJ6dL2CBrytJgith8WXtyKixEIxDo1yhabVzoulPaAkwI6QypXxp/O7CCifl1z5S55nIoc/KcKw==",
			"requires": {
				"acorn": "5.2.1",
				"detect-node": "2.0.3",
				"escodegen": "1.9.0",
				"estraverse": "4.2.0",
				"html-minifier": "3.5.7",
				"is-keyword-js": "1.0.3",
				"js-tokens": "3.0.2",
				"merge-source-map": "1.0.4",
				"source-map": "0.5.7"
			}
		},
		"camel-case": {
			"version": "3.0.0",
			"resolved": "https://registry.npmjs.org/camel-case/-/camel-case-3.0.0.tgz",
			"integrity": "sha1-yjw2iKTpzzpM2nd9xNy8cTJJz3M=",
			"requires": {
				"no-case": "2.3.2",
				"upper-case": "1.1.3"
			}
		},
		"clean-css": {
			"version": "4.1.9",
			"resolved": "https://registry.npmjs.org/clean-css/-/clean-css-4.1.9.tgz",
			"integrity": "sha1-Nc7ornaHpJuYA09w3gDE7dOCYwE=",
			"requires": {
				"source-map": "0.5.7"
			}
		},
		"commander": {
			"version": "2.12.2",
			"resolved": "https://registry.npmjs.org/commander/-/commander-2.12.2.tgz",
			"integrity": "sha512-BFnaq5ZOGcDN7FlrtBT4xxkgIToalIIxwjxLWVJ8bGTpe1LroqMiqQXdA7ygc7CRvaYS+9zfPGFnJqFSayx+AA=="
		},
		"deep-is": {
			"version": "0.1.3",
			"resolved": "https://registry.npmjs.org/deep-is/-/deep-is-0.1.3.tgz",
			"integrity": "sha1-s2nW+128E+7PUk+RsHD+7cNXzzQ="
		},
		"detect-node": {
			"version": "2.0.3",
			"resolved": "https://registry.npmjs.org/detect-node/-/detect-node-2.0.3.tgz",
			"integrity": "sha1-ogM8CcyOFY03dI+951B4Mr1s4Sc="
		},
		"escodegen": {
			"version": "1.9.0",
			"resolved": "https://registry.npmjs.org/escodegen/-/escodegen-1.9.0.tgz",
			"integrity": "sha512-v0MYvNQ32bzwoG2OSFzWAkuahDQHK92JBN0pTAALJ4RIxEZe766QJPDR8Hqy7XNUy5K3fnVL76OqYAdc4TZEIw==",
			"requires": {
				"esprima": "3.1.3",
				"estraverse": "4.2.0",
				"esutils": "2.0.2",
				"optionator": "0.8.2",
				"source-map": "0.5.7"
			}
		},
		"esprima": {
			"version": "3.1.3",
			"resolved": "https://registry.npmjs.org/esprima/-/esprima-3.1.3.tgz",
			"integrity": "sha1-/cpRzuYTOJXjyI1TXOSdv/YqRjM="
		},
		"estraverse": {
			"version": "4.2.0",
			"resolved": "https://registry.npmjs.org/estraverse/-/estraverse-4.2.0.tgz",
			"integrity": "sha1-De4/7TH81GlhjOc0IJn8GvoL2xM="
		},
		"esutils": {
			"version": "2.0.2",
			"resolved": "https://registry.npmjs.org/esutils/-/esutils-2.0.2.tgz",
			"integrity": "sha1-Cr9PHKpbyx96nYrMbepPqqBLrJs="
		},
		"extend": {
			"version": "3.0.1",
			"resolved": "https://registry.npmjs.org/extend/-/extend-3.0.1.tgz",
			"integrity": "sha1-p1Xqe8Gt/MWjHOfnYtuq3F5jZEQ="
		},
		"fast-levenshtein": {
			"version": "2.0.6",
			"resolved": "https://registry.npmjs.org/fast-levenshtein/-/fast-levenshtein-2.0.6.tgz",
			"integrity": "sha1-PYpcZog6FqMMqGQ+hR8Zuqd5eRc="
		},
		"fs-extra": {
			"version": "5.0.0",
			"resolved": "https://registry.npmjs.org/fs-extra/-/fs-extra-5.0.0.tgz",
			"integrity": "sha512-66Pm4RYbjzdyeuqudYqhFiNBbCIuI9kgRqLPSHIlXHidW8NIQtVdkM1yeZ4lXwuhbTETv3EUGMNHAAw6hiundQ==",
			"requires": {
				"graceful-fs": "4.1.11",
				"jsonfile": "4.0.0",
				"universalify": "0.1.1"
			}
		},
		"graceful-fs": {
			"version": "4.1.11",
			"resolved": "https://registry.npmjs.org/graceful-fs/-/graceful-fs-4.1.11.tgz",
			"integrity": "sha1-Dovf5NHduIVNZOBOp8AOKgJuVlg="
		},
		"he": {
			"version": "1.1.1",
			"resolved": "https://registry.npmjs.org/he/-/he-1.1.1.tgz",
			"integrity": "sha1-k0EP0hsAlzUVH4howvJx80J+I/0="
		},
		"html-minifier": {
			"version": "3.5.7",
			"resolved": "https://registry.npmjs.org/html-minifier/-/html-minifier-3.5.7.tgz",
			"integrity": "sha512-GISXn6oKDo7+gVpKOgZJTbHMCUI2TSGfpg/8jgencWhWJsvEmsvp3M8emX7QocsXsYznWloLib3OeSfeyb/ewg==",
			"requires": {
				"camel-case": "3.0.0",
				"clean-css": "4.1.9",
				"commander": "2.12.2",
				"he": "1.1.1",
				"ncname": "1.0.0",
				"param-case": "2.1.1",
				"relateurl": "0.2.7",
				"uglify-js": "3.2.2"
			}
		},
		"iconv-lite": {
			"version": "0.4.19",
			"resolved": "https://registry.npmjs.org/iconv-lite/-/iconv-lite-0.4.19.tgz",
			"integrity": "sha512-oTZqweIP51xaGPI4uPa56/Pri/480R+mo7SeU+YETByQNhDG55ycFyNLIgta9vXhILrxXDmF7ZGhqZIcuN0gJQ=="
		},
		"is-keyword-js": {
			"version": "1.0.3",
			"resolved": "https://registry.npmjs.org/is-keyword-js/-/is-keyword-js-1.0.3.tgz",
			"integrity": "sha1-rDDc81tnH0snsX9ctXI1EmAhEy0="
		},
		"js-tokens": {
			"version": "3.0.2",
			"resolved": "https://registry.npmjs.org/js-tokens/-/js-tokens-3.0.2.tgz",
			"integrity": "sha1-mGbfOVECEw449/mWvOtlRDIJwls="
		},
		"jsonfile": {
			"version": "4.0.0",
			"resolved": "https://registry.npmjs.org/jsonfile/-/jsonfile-4.0.0.tgz",
			"integrity": "sha1-h3Gq4HmbZAdrdmQPygWPnBDjPss=",
			"requires": {
				"graceful-fs": "4.1.11"
			}
		},
		"levn": {
			"version": "0.3.0",
			"resolved": "https://registry.npmjs.org/levn/-/levn-0.3.0.tgz",
			"integrity": "sha1-OwmSTt+fCDwEkP3UwLxEIeBHZO4=",
			"requires": {
				"prelude-ls": "1.1.2",
				"type-check": "0.3.2"
			}
		},
		"lower-case": {
			"version": "1.1.4",
			"resolved": "https://registry.npmjs.org/lower-case/-/lower-case-1.1.4.tgz",
			"integrity": "sha1-miyr0bno4K6ZOkv31YdcOcQujqw="
		},
		"merge-source-map": {
			"version": "1.0.4",
			"resolved": "https://registry.npmjs.org/merge-source-map/-/merge-source-map-1.0.4.tgz",
			"integrity": "sha1-pd5GU42uhNQRTMXqArR3KmNGcB8=",
			"requires": {
				"source-map": "0.5.7"
			}
		},
		"ncname": {
			"version": "1.0.0",
			"resolved": "https://registry.npmjs.org/ncname/-/ncname-1.0.0.tgz",
			"integrity": "sha1-W1etGLHKCShk72Kwse2BlPODtxw=",
			"requires": {
				"xml-char-classes": "1.0.0"
			}
		},
		"no-case": {
			"version": "2.3.2",
			"resolved": "https://registry.npmjs.org/no-case/-/no-case-2.3.2.tgz",
			"integrity": "sha512-rmTZ9kz+f3rCvK2TD1Ue/oZlns7OGoIWP4fc3llxxRXlOkHKoWPPWJOfFYpITabSow43QJbRIoHQXtt10VldyQ==",
			"requires": {
				"lower-case": "1.1.4"
			}
		},
		"optionator": {
			"version": "0.8.2",
			"resolved": "https://registry.npmjs.org/optionator/-/optionator-0.8.2.tgz",
			"integrity": "sha1-NkxeQJ0/TWMB1sC0wFu6UBgK62Q=",
			"requires": {
				"deep-is": "0.1.3",
				"fast-levenshtein": "2.0.6",
				"levn": "0.3.0",
				"prelude-ls": "1.1.2",
				"type-check": "0.3.2",
				"wordwrap": "1.0.0"
			}
		},
		"param-case": {
			"version": "2.1.1",
			"resolved": "https://registry.npmjs.org/param-case/-/param-case-2.1.1.tgz",
			"integrity": "sha1-35T9jPZTHs915r75oIWPvHK+Ikc=",
			"requires": {
				"no-case": "2.3.2"
			}
		},
		"prelude-ls": {
			"version": "1.1.2",
			"resolved": "https://registry.npmjs.org/prelude-ls/-/prelude-ls-1.1.2.tgz",
			"integrity": "sha1-IZMqVJ9eUv/ZqCf1cOBL5iqX2lQ="
		},
		"relateurl": {
			"version": "0.2.7",
			"resolved": "https://registry.npmjs.org/relateurl/-/relateurl-0.2.7.tgz",
			"integrity": "sha1-VNvzd+UUQKypCkzSdGANP/LYiKk="
		},
		"source-map": {
			"version": "0.5.7",
			"resolved": "https://registry.npmjs.org/source-map/-/source-map-0.5.7.tgz",
			"integrity": "sha1-igOdLRAh0i0eoUyA2OpGi6LvP8w="
		},
		"type-check": {
			"version": "0.3.2",
			"resolved": "https://registry.npmjs.org/type-check/-/type-check-0.3.2.tgz",
			"integrity": "sha1-WITKtRLPHTVeP7eE8wgEsrUg23I=",
			"requires": {
				"prelude-ls": "1.1.2"
			}
		},
		"uglify-js": {
			"version": "3.2.2",
			"resolved": "https://registry.npmjs.org/uglify-js/-/uglify-js-3.2.2.tgz",
			"integrity": "sha512-++1NO/zZIEdWf6cDIGceSJQPX31SqIpbVAHwFG5+240MtZqPG/NIPoinj8zlXQtAfMBqEt1Jyv2FiLP3n9gVhQ==",
			"requires": {
				"commander": "2.12.2",
				"source-map": "0.6.1"
			},
			"dependencies": {
				"source-map": {
					"version": "0.6.1",
					"resolved": "https://registry.npmjs.org/source-map/-/source-map-0.6.1.tgz",
					"integrity": "sha512-UjgapumWlbMhkBgzT7Ykc5YXUT46F0iKu8SGXq0bcwP5dz/h0Plj6enJqjz1Zbq2l5WaqYnrVbwWOWMyF3F47g=="
				}
			}
		},
		"universalify": {
			"version": "0.1.1",
			"resolved": "https://registry.npmjs.org/universalify/-/universalify-0.1.1.tgz",
			"integrity": "sha1-+nG63UQ3r0wUiEHjs7Fl+enlkLc="
		},
		"upper-case": {
			"version": "1.1.3",
			"resolved": "https://registry.npmjs.org/upper-case/-/upper-case-1.1.3.tgz",
			"integrity": "sha1-9rRQHC7EzdJrp4vnIilh3ndiFZg="
		},
		"wordwrap": {
			"version": "1.0.0",
			"resolved": "https://registry.npmjs.org/wordwrap/-/wordwrap-1.0.0.tgz",
			"integrity": "sha1-J1hIEIkUVqQXHI0CJkQa3pDLyus="
		},
		"xml-char-classes": {
			"version": "1.0.0",
			"resolved": "https://registry.npmjs.org/xml-char-classes/-/xml-char-classes-1.0.0.tgz",
			"integrity": "sha1-ZGV4SKIP/F31g6Qq2KJ3tFErvE0="
		}
	}
}
